<?xml version="1.0" encoding="UTF-8"?>
<Scheme
   version = "1.3">
   <BuildAction>
      <BuildActionEntries>
         <BuildActionEntry
            buildForRunning = "YES">
            <BuildableReference
               BuildableIdentifier = "primary"
               BlueprintIdentifier = "9546DD9ABBD123C5DD0E46AD"
               BuildableName = "OpenCV_iOS_RGB2Greyscale.app"
               BlueprintName = "OpenCV_iOS_RGB2Greyscale"
               ReferencedContainer = "container:OpenCV_iOS_RGB2Greyscale.xcodeproj">
            </BuildableReference>
         </BuildActionEntry>
      </BuildActionEntries>
   </BuildAction>
   <LaunchAction
      useCustomWorkingDirectory = "NO"
      buildConfiguration = "Debug">
      <BuildableProductRunnable>
         <BuildableReference
            BuildableIdentifier = "primary"
            BlueprintIdentifier = "9546DD9ABBD123C5DD0E46AD"
            BuildableName = "OpenCV_iOS_RGB2Greyscale.app"
            BlueprintName = "OpenCV_iOS_RGB2Greyscale"
            ReferencedContainer = "container:OpenCV_iOS_RGB2Greyscale.xcodeproj">
         </BuildableReference>
      </BuildableProductRunnable>
   </LaunchAction>
</Scheme>
